
Microsoft Visual Studio Solution File, Format Version 12.00
# Visual Studio 15
VisualStudioVersion = 15.0.26906.1
MinimumVisualStudioVersion = 10.0.40219.1
Project("{FAE04EC0-301F-11D3-BF4B-00C04F79EFBC}") = "Mindbox.Data.Linq.Tests", "Mindbox.Data.Linq.Tests\Mindbox.Data.Linq.Tests.csproj", "{415717E3-CF8E-44A8-8EAB-09E332E2970C}"
EndProject
Project("{FAE04EC0-301F-11D3-BF4B-00C04F79EFBC}") = "Mindbox.Data.Linq", "Mindbox.Data.Linq\Mindbox.Data.Linq.csproj", "{0BB4885A-1DB9-405D-B323-1BC0ECF78278}"
EndProject
Global
	GlobalSection(SolutionConfigurationPlatforms) = preSolution
		Debug|Any CPU = Debug|Any CPU
		Release|Any CPU = Release|Any CPU
	EndGlobalSection
	GlobalSection(ProjectConfigurationPlatforms) = postSolution
		{415717E3-CF8E-44A8-8EAB-09E332E2970C}.Debug|Any CPU.ActiveCfg = Debug|Any CPU
		{415717E3-CF8E-44A8-8EAB-09E332E2970C}.Debug|Any CPU.Build.0 = Debug|Any CPU
		{415717E3-CF8E-44A8-8EAB-09E332E2970C}.Release|Any CPU.ActiveCfg = Release|Any CPU
		{415717E3-CF8E-44A8-8EAB-09E332E2970C}.Release|Any CPU.Build.0 = Release|Any CPU
		{0BB4885A-1DB9-405D-B323-1BC0ECF78278}.Debug|Any CPU.ActiveCfg = Debug|Any CPU
		{0BB4885A-1DB9-405D-B323-1BC0ECF78278}.Debug|Any CPU.Build.0 = Debug|Any CPU
		{0BB4885A-1DB9-405D-B323-1BC0ECF78278}.Release|Any CPU.ActiveCfg = Release|Any CPU
		{0BB4885A-1DB9-405D-B323-1BC0ECF78278}.Release|Any CPU.Build.0 = Release|Any CPU
	EndGlobalSection
	GlobalSection(SolutionProperties) = preSolution
		HideSolutionNode = FALSE
	EndGlobalSection
	GlobalSection(ExtensibilityGlobals) = postSolution
		SolutionGuid = {6BBFE1A7-200F-4187-98FE-CAC96AAF37A4}
	EndGlobalSection
EndGlobal
